
Microsoft Visual Studio Solution File, Format Version 12.00
# Visual Studio Version 17
VisualStudioVersion = 17.3.32922.545
MinimumVisualStudioVersion = 10.0.40219.1
Project("{9A19103F-16F7-4668-BE54-9A1E7A4F7556}") = "oop-net-tasks-2-2-p-1-Suprun", "oop-tasks-2-2-p-1-Suprun\oop-net-tasks-2-2-p-1-Suprun.csproj", "{816C27B7-044F-4C57-811E-0AD03081AB12}"
EndProject
Project("{FAE04EC0-301F-11D3-BF4B-00C04F79EFBC}") = "oop-tasks-framework-2-2-p-1-Suprun", "oop-tasks-framework-2-2-p-1-Suprun\oop-tasks-framework-2-2-p-1-Suprun.csproj", "{E0D1FC7E-5CD2-40D2-B4D6-5FC5F9BC3DDD}"
EndProject
Project("{FAE04EC0-301F-11D3-BF4B-00C04F79EFBC}") = "WpfApp1", "WpfApp1\WpfApp1.csproj", "{B29BD3FF-913E-42DE-86C0-71364B6EB51A}"
EndProject
Project("{FAE04EC0-301F-11D3-BF4B-00C04F79EFBC}") = "WpfApp2", "WpfApp2\WpfApp2.csproj", "{93F1BA35-4F27-47C7-956F-85CFE8F41B73}"
EndProject
Global
	GlobalSection(SolutionConfigurationPlatforms) = preSolution
		Debug|Any CPU = Debug|Any CPU
		Release|Any CPU = Release|Any CPU
	EndGlobalSection
	GlobalSection(ProjectConfigurationPlatforms) = postSolution
		{816C27B7-044F-4C57-811E-0AD03081AB12}.Debug|Any CPU.ActiveCfg = Debug|Any CPU
		{816C27B7-044F-4C57-811E-0AD03081AB12}.Debug|Any CPU.Build.0 = Debug|Any CPU
		{816C27B7-044F-4C57-811E-0AD03081AB12}.Release|Any CPU.ActiveCfg = Release|Any CPU
		{816C27B7-044F-4C57-811E-0AD03081AB12}.Release|Any CPU.Build.0 = Release|Any CPU
		{E0D1FC7E-5CD2-40D2-B4D6-5FC5F9BC3DDD}.Debug|Any CPU.ActiveCfg = Debug|Any CPU
		{E0D1FC7E-5CD2-40D2-B4D6-5FC5F9BC3DDD}.Debug|Any CPU.Build.0 = Debug|Any CPU
		{E0D1FC7E-5CD2-40D2-B4D6-5FC5F9BC3DDD}.Release|Any CPU.ActiveCfg = Release|Any CPU
		{E0D1FC7E-5CD2-40D2-B4D6-5FC5F9BC3DDD}.Release|Any CPU.Build.0 = Release|Any CPU
		{B29BD3FF-913E-42DE-86C0-71364B6EB51A}.Debug|Any CPU.ActiveCfg = Debug|Any CPU
		{B29BD3FF-913E-42DE-86C0-71364B6EB51A}.Debug|Any CPU.Build.0 = Debug|Any CPU
		{B29BD3FF-913E-42DE-86C0-71364B6EB51A}.Release|Any CPU.ActiveCfg = Release|Any CPU
		{B29BD3FF-913E-42DE-86C0-71364B6EB51A}.Release|Any CPU.Build.0 = Release|Any CPU
		{93F1BA35-4F27-47C7-956F-85CFE8F41B73}.Debug|Any CPU.ActiveCfg = Debug|Any CPU
		{93F1BA35-4F27-47C7-956F-85CFE8F41B73}.Debug|Any CPU.Build.0 = Debug|Any CPU
		{93F1BA35-4F27-47C7-956F-85CFE8F41B73}.Release|Any CPU.ActiveCfg = Release|Any CPU
		{93F1BA35-4F27-47C7-956F-85CFE8F41B73}.Release|Any CPU.Build.0 = Release|Any CPU
	EndGlobalSection
	GlobalSection(SolutionProperties) = preSolution
		HideSolutionNode = FALSE
	EndGlobalSection
	GlobalSection(ExtensibilityGlobals) = postSolution
		SolutionGuid = {166FF49F-65DA-477E-8FEF-F0C125676B21}
	EndGlobalSection
EndGlobal
